// !$*UTF8*$!
{
	archiveVersion = 1;
	classes = {
	};
	objectVersion = 46;
	objects = {

/* Begin PBXBuildFile section */
		68FE1279171EDF7000127B60 /* UIKit.framework in Frameworks */ = {isa = PBXBuildFile; fileRef = 68FE1278171EDF7000127B60 /* UIKit.framework */; };
		68FE127B171EDF7000127B60 /* Foundation.framework in Frameworks */ = {isa = PBXBuildFile; fileRef = 68FE127A171EDF7000127B60 /* Foundation.framework */; };
		68FE127D171EDF7000127B60 /* CoreGraphics.framework in Frameworks */ = {isa = PBXBuildFile; fileRef = 68FE127C171EDF7000127B60 /* CoreGraphics.framework */; };
		68FE1283171EDF7000127B60 /* InfoPlist.strings in Resources */ = {isa = PBXBuildFile; fileRef = 68FE1281171EDF7000127B60 /* InfoPlist.strings */; };
		68FE1285171EDF7000127B60 /* main.m in Sources */ = {isa = PBXBuildFile; fileRef = 68FE1284171EDF7000127B60 /* main.m */; };
		68FE1289171EDF7000127B60 /* AppDelegate.m in Sources */ = {isa = PBXBuildFile; fileRef = 68FE1288171EDF7000127B60 /* AppDelegate.m */; };
		68FE128B171EDF7000127B60 /* Default.png in Resources */ = {isa = PBXBuildFile; fileRef = 68FE128A171EDF7000127B60 /* Default.png */; };
		68FE128D171EDF7000127B60 /* Default@2x.png in Resources */ = {isa = PBXBuildFile; fileRef = 68FE128C171EDF7000127B60 /* Default@2x.png */; };
		68FE128F171EDF7000127B60 /* Default-568h@2x.png in Resources */ = {isa = PBXBuildFile; fileRef = 68FE128E171EDF7000127B60 /* Default-568h@2x.png */; };
		68FE1292171EDF7000127B60 /* ViewController.m in Sources */ = {isa = PBXBuildFile; fileRef = 68FE1291171EDF7000127B60 /* ViewController.m */; };
		68FE1295171EDF7000127B60 /* ViewController.xib in Resources */ = {isa = PBXBuildFile; fileRef = 68FE1293171EDF7000127B60 /* ViewController.xib */; };
/* End PBXBuildFile section */

/* Begin PBXFileReference section */
		68FE1275171EDF7000127B60 /* gittesting.app */ = {isa = PBXFileReference; explicitFileType = wrapper.application; includeInIndex = 0; path = gittesting.app; sourceTree = BUILT_PRODUCTS_DIR; };
		68FE1278171EDF7000127B60 /* UIKit.framework */ = {isa = PBXFileReference; lastKnownFileType = wrapper.framework; name = UIKit.framework; path = System/Library/Frameworks/UIKit.framework; sourceTree = SDKROOT; };
		68FE127A171EDF7000127B60 /* Foundation.framework */ = {isa = PBXFileReference; lastKnownFileType = wrapper.framework; name = Foundation.framework; path = System/Library/Frameworks/Foundation.framework; sourceTree = SDKROOT; };
		68FE127C171EDF7000127B60 /* CoreGraphics.framework */ = {isa = PBXFileReference; lastKnownFileType = wrapper.framework; name = CoreGraphics.framework; path = System/Library/Frameworks/CoreGraphics.framework; sourceTree = SDKROOT; };
		68FE1280171EDF7000127B60 /* gittesting-Info.plist */ = {isa = PBXFileReference; lastKnownFileType = text.plist.xml; path = "gittesting-Info.plist"; sourceTree = "<group>"; };
		68FE1282171EDF7000127B60 /* en */ = {isa = PBXFileReference; lastKnownFileType = text.plist.strings; name = en; path = en.lproj/InfoPlist.strings; sourceTree = "<group>"; };
		68FE1284171EDF7000127B60 /* main.m */ = {isa = PBXFileReference; lastKnownFileType = sourcecode.c.objc; path = main.m; sourceTree = "<group>"; };
		68FE1286171EDF7000127B60 /* gittesting-Prefix.pch */ = {isa = PBXFileReference; lastKnownFileType = sourcecode.c.h; path = "gittesting-Prefix.pch"; sourceTree = "<group>"; };
		68FE1287171EDF7000127B60 /* AppDelegate.h */ = {isa = PBXFileReference; lastKnownFileType = sourcecode.c.h; path = AppDelegate.h; sourceTree = "<group>"; };
		68FE1288171EDF7000127B60 /* AppDelegate.m */ = {isa = PBXFileReference; lastKnownFileType = sourcecode.c.objc; path = AppDelegate.m; sourceTree = "<group>"; };
		68FE128A171EDF7000127B60 /* Default.png */ = {isa = PBXFileReference; lastKnownFileType = image.png; path = Default.png; sourceTree = "<group>"; };
		68FE128C171EDF7000127B60 /* Default@2x.png */ = {isa = PBXFileReference; lastKnownFileType = image.png; path = "Default@2x.png"; sourceTree = "<group>"; };
		68FE128E171EDF7000127B60 /* Default-568h@2x.png */ = {isa = PBXFileReference; lastKnownFileType = image.png; path = "Default-568h@2x.png"; sourceTree = "<group>"; };
		68FE1290171EDF7000127B60 /* ViewController.h */ = {isa = PBXFileReference; lastKnownFileType = sourcecode.c.h; path = ViewController.h; sourceTree = "<group>"; };
		68FE1291171EDF7000127B60 /* ViewController.m */ = {isa = PBXFileReference; lastKnownFileType = sourcecode.c.objc; path = ViewController.m; sourceTree = "<group>"; };
		68FE1294171EDF7000127B60 /* en */ = {isa = PBXFileReference; lastKnownFileType = file.xib; name = en; path = en.lproj/ViewController.xib; sourceTree = "<group>"; };
/* End PBXFileReference section */

/* Begin PBXFrameworksBuildPhase section */
		68FE1272171EDF7000127B60 /* Frameworks */ = {
			isa = PBXFrameworksBuildPhase;
			buildActionMask = 2147483647;
			files = (
				68FE1279171EDF7000127B60 /* UIKit.framework in Frameworks */,
				68FE127B171EDF7000127B60 /* Foundation.framework in Frameworks */,
				68FE127D171EDF7000127B60 /* CoreGraphics.framework in Frameworks */,
			);
			runOnlyForDeploymentPostprocessing = 0;
		};
/* End PBXFrameworksBuildPhase section */

/* Begin PBXGroup section */
		68FE126C171EDF6F00127B60 = {
			isa = PBXGroup;
			children = (
				68FE127E171EDF7000127B60 /* gittesting */,
				68FE1277171EDF7000127B60 /* Frameworks */,
				68FE1276171EDF7000127B60 /* Products */,
			);
			sourceTree = "<group>";
		};
		68FE1276171EDF7000127B60 /* Products */ = {
			isa = PBXGroup;
			children = (
				68FE1275171EDF7000127B60 /* gittesting.app */,
			);
			name = Products;
			sourceTree = "<group>";
		};
		68FE1277171EDF7000127B60 /* Frameworks */ = {
			isa = PBXGroup;
			children = (
				68FE1278171EDF7000127B60 /* UIKit.framework */,
				68FE127A171EDF7000127B60 /* Foundation.framework */,
				68FE127C171EDF7000127B60 /* CoreGraphics.framework */,
			);
			name = Frameworks;
			sourceTree = "<group>";
		};
		68FE127E171EDF7000127B60 /* gittesting */ = {
			isa = PBXGroup;
			children = (
				68FE1287171EDF7000127B60 /* AppDelegate.h */,
				68FE1288171EDF7000127B60 /* AppDelegate.m */,
				68FE1290171EDF7000127B60 /* ViewController.h */,
				68FE1291171EDF7000127B60 /* ViewController.m */,
				68FE1293171EDF7000127B60 /* ViewController.xib */,
				68FE127F171EDF7000127B60 /* Supporting Files */,
			);
			path = gittesting;
			sourceTree = "<group>";
		};
		68FE127F171EDF7000127B60 /* Supporting Files */ = {
			isa = PBXGroup;
			children = (
				68FE1280171EDF7000127B60 /* gittesting-Info.plist */,
				68FE1281171EDF7000127B60 /* InfoPlist.strings */,
				68FE1284171EDF7000127B60 /* main.m */,
				68FE1286171EDF7000127B60 /* gittesting-Prefix.pch */,
				68FE128A171EDF7000127B60 /* Default.png */,
				68FE128C171EDF7000127B60 /* Default@2x.png */,
				68FE128E171EDF7000127B60 /* Default-568h@2x.png */,
			);
			name = "Supporting Files";
			sourceTree = "<group>";
		};
/* End PBXGroup section */

/* Begin PBXNativeTarget section */
		68FE1274171EDF7000127B60 /* gittesting */ = {
			isa = PBXNativeTarget;
			buildConfigurationList = 68FE1298171EDF7000127B60 /* Build configuration list for PBXNativeTarget "gittesting" */;
			buildPhases = (
				68FE1271171EDF7000127B60 /* Sources */,
				68FE1272171EDF7000127B60 /* Frameworks */,
				68FE1273171EDF7000127B60 /* Resources */,
			);
			buildRules = (
			);
			dependencies = (
			);
			name = gittesting;
			productName = gittesting;
			productReference = 68FE1275171EDF7000127B60 /* gittesting.app */;
			productType = "com.apple.product-type.application";
		};
/* End PBXNativeTarget section */

/* Begin PBXProject section */
		68FE126D171EDF6F00127B60 /* Project object */ = {
			isa = PBXProject;
			attributes = {
				LastUpgradeCheck = 0460;
				ORGANIZATIONNAME = "SUBRAHMANYAM NUKALA";
			};
			buildConfigurationList = 68FE1270171EDF6F00127B60 /* Build configuration list for PBXProject "gittesting" */;
			compatibilityVersion = "Xcode 3.2";
			developmentRegion = English;
			hasScannedForEncodings = 0;
			knownRegions = (
				en,
			);
			mainGroup = 68FE126C171EDF6F00127B60;
			productRefGroup = 68FE1276171EDF7000127B60 /* Products */;
			projectDirPath = "";
			projectRoot = "";
			targets = (
				68FE1274171EDF7000127B60 /* gittesting */,
			);
		};
/* End PBXProject section */

/* Begin PBXResourcesBuildPhase section */
		68FE1273171EDF7000127B60 /* Resources */ = {
			isa = PBXResourcesBuildPhase;
			buildActionMask = 2147483647;
			files = (
				68FE1283171EDF7000127B60 /* InfoPlist.strings in Resources */,
				68FE128B171EDF7000127B60 /* Default.png in Resources */,
				68FE128D171EDF7000127B60 /* Default@2x.png in Resources */,
				68FE128F171EDF7000127B60 /* Default-568h@2x.png in Resources */,
				68FE1295171EDF7000127B60 /* ViewController.xib in Resources */,
			);
			runOnlyForDeploymentPostprocessing = 0;
		};
/* End PBXResourcesBuildPhase section */

/* Begin PBXSourcesBuildPhase section */
		68FE1271171EDF7000127B60 /* Sources */ = {
			isa = PBXSourcesBuildPhase;
			buildActionMask = 2147483647;
			files = (
				68FE1285171EDF7000127B60 /* main.m in Sources */,
				68FE1289171EDF7000127B60 /* AppDelegate.m in Sources */,
				68FE1292171EDF7000127B60 /* ViewController.m in Sources */,
			);
			runOnlyForDeploymentPostprocessing = 0;
		};
/* End PBXSourcesBuildPhase section */

/* Begin PBXVariantGroup section */
		68FE1281171EDF7000127B60 /* InfoPlist.strings */ = {
			isa = PBXVariantGroup;
			children = (
				68FE1282171EDF7000127B60 /* en */,
			);
			name = InfoPlist.strings;
			sourceTree = "<group>";
		};
		68FE1293171EDF7000127B60 /* ViewController.xib */ = {
			isa = PBXVariantGroup;
			children = (
				68FE1294171EDF7000127B60 /* en */,
			);
			name = ViewController.xib;
			sourceTree = "<group>";
		};
/* End PBXVariantGroup section */

/* Begin XCBuildConfiguration section */
		68FE1296171EDF7000127B60 /* Debug */ = {
			isa = XCBuildConfiguration;
			buildSettings = {
				ALWAYS_SEARCH_USER_PATHS = NO;
				CLANG_CXX_LANGUAGE_STANDARD = "gnu++0x";
				CLANG_CXX_LIBRARY = "libc++";
				CLANG_ENABLE_OBJC_ARC = YES;
				CLANG_WARN_CONSTANT_CONVERSION = YES;
				CLANG_WARN_EMPTY_BODY = YES;
				CLANG_WARN_ENUM_CONVERSION = YES;
				CLANG_WARN_INT_CONVERSION = YES;
				CLANG_WARN__DUPLICATE_METHOD_MATCH = YES;
				"CODE_SIGN_IDENTITY[sdk=iphoneos*]" = "iPhone Developer";
				COPY_PHASE_STRIP = NO;
				GCC_C_LANGUAGE_STANDARD = gnu99;
				GCC_DYNAMIC_NO_PIC = NO;
				GCC_OPTIMIZATION_LEVEL = 0;
				GCC_PREPROCESSOR_DEFINITIONS = (
					"DEBUG=1",
					"$(inherited)",
				);
				GCC_SYMBOLS_PRIVATE_EXTERN = NO;
				GCC_WARN_ABOUT_RETURN_TYPE = YES;
				GCC_WARN_UNINITIALIZED_AUTOS = YES;
				GCC_WARN_UNUSED_VARIABLE = YES;
				IPHONEOS_DEPLOYMENT_TARGET = 6.1;
				ONLY_ACTIVE_ARCH = YES;
				SDKROOT = iphoneos;
			};
			name = Debug;
		};
		68FE1297171EDF7000127B60 /* Release */ = {
			isa = XCBuildConfiguration;
			buildSettings = {
				ALWAYS_SEARCH_USER_PATHS = NO;
				CLANG_CXX_LANGUAGE_STANDARD = "gnu++0x";
				CLANG_CXX_LIBRARY = "libc++";
				CLANG_ENABLE_OBJC_ARC = YES;
				CLANG_WARN_CONSTANT_CONVERSION = YES;
				CLANG_WARN_EMPTY_BODY = YES;
				CLANG_WARN_ENUM_CONVERSION = YES;
				CLANG_WARN_INT_CONVERSION = YES;
				CLANG_WARN__DUPLICATE_METHOD_MATCH = YES;
				"CODE_SIGN_IDENTITY[sdk=iphoneos*]" = "iPhone Developer";
				COPY_PHASE_STRIP = YES;
				GCC_C_LANGUAGE_STANDARD = gnu99;
				GCC_WARN_ABOUT_RETURN_TYPE = YES;
				GCC_WARN_UNINITIALIZED_AUTOS = YES;
				GCC_WARN_UNUSED_VARIABLE = YES;
				IPHONEOS_DEPLOYMENT_TARGET = 6.1;
				OTHER_CFLAGS = "-DNS_BLOCK_ASSERTIONS=1";
				SDKROOT = iphoneos;
				VALIDATE_PRODUCT = YES;
			};
			name = Release;
		};
		68FE1299171EDF7000127B60 /* Debug */ = {
			isa = XCBuildConfiguration;
			buildSettings = {
				GCC_PRECOMPILE_PREFIX_HEADER = YES;
				GCC_PREFIX_HEADER = "gittesting/gittesting-Prefix.pch";
				INFOPLIST_FILE = "gittesting/gittesting-Info.plist";
				PRODUCT_NAME = "$(TARGET_NAME)";
				WRAPPER_EXTENSION = app;
			};
			name = Debug;
		};
		68FE129A171EDF7000127B60 /* Release */ = {
			isa = XCBuildConfiguration;
			buildSettings = {
				GCC_PRECOMPILE_PREFIX_HEADER = YES;
				GCC_PREFIX_HEADER = "gittesting/gittesting-Prefix.pch";
				INFOPLIST_FILE = "gittesting/gittesting-Info.plist";
				PRODUCT_NAME = "$(TARGET_NAME)";
				WRAPPER_EXTENSION = app;
			};
			name = Release;
		};
/* End XCBuildConfiguration section */

/* Begin XCConfigurationList section */
		68FE1270171EDF6F00127B60 /* Build configuration list for PBXProject "gittesting" */ = {
			isa = XCConfigurationList;
			buildConfigurations = (
				68FE1296171EDF7000127B60 /* Debug */,
				68FE1297171EDF7000127B60 /* Release */,
			);
			defaultConfigurationIsVisible = 0;
			defaultConfigurationName = Release;
		};
		68FE1298171EDF7000127B60 /* Build configuration list for PBXNativeTarget "gittesting" */ = {
			isa = XCConfigurationList;
			buildConfigurations = (
				68FE1299171EDF7000127B60 /* Debug */,
				68FE129A171EDF7000127B60 /* Release */,
			);
			defaultConfigurationIsVisible = 0;
		};
/* End XCConfigurationList section */
	};
	rootObject = 68FE126D171EDF6F00127B60 /* Project object */;
}
